PODS:
  - GBDeviceInfo (7.2.0):
    - GBDeviceInfo/Core (= 7.2.0)
  - GBDeviceInfo/Core (7.2.0)
  - shared (1.0):
    - GBDeviceInfo (= 7.2.0)

DEPENDENCIES:
  - shared (from `../shared`)

SPEC REPOS:
  trunk:
    - GBDeviceInfo

EXTERNAL SOURCES:
  shared:
    :path: "../shared"

SPEC CHECKSUMS:
  GBDeviceInfo: 6b26c35542040c392fff5a0cc1bc2fc7940aab92
  shared: 5bd777fb1bda16f0b6d6908a06fb8894c387012d

PODFILE CHECKSUM: 1ba1c1f03a33aead72248833db9c6a3e45ab815d

COCOAPODS: 1.12.0
